// !$*UTF8*$!
{
	archiveVersion = 1;
	classes = {
	};
	objectVersion = 46;
	objects = {

/* Begin PBXBuildFile section */
		84049D8619A1F6980024DD78 /* webViewController.m in Sources */ = {isa = PBXBuildFile; fileRef = 84049D8519A1F6980024DD78 /* webViewController.m */; };
		8433635019A1A1C0005FF4C2 /* Foundation.framework in Frameworks */ = {isa = PBXBuildFile; fileRef = 8433634F19A1A1C0005FF4C2 /* Foundation.framework */; };
		8433635219A1A1C0005FF4C2 /* CoreGraphics.framework in Frameworks */ = {isa = PBXBuildFile; fileRef = 8433635119A1A1C0005FF4C2 /* CoreGraphics.framework */; };
		8433635419A1A1C0005FF4C2 /* UIKit.framework in Frameworks */ = {isa = PBXBuildFile; fileRef = 8433635319A1A1C0005FF4C2 /* UIKit.framework */; };
		8433635A19A1A1C0005FF4C2 /* InfoPlist.strings in Resources */ = {isa = PBXBuildFile; fileRef = 8433635819A1A1C0005FF4C2 /* InfoPlist.strings */; };
		8433635C19A1A1C0005FF4C2 /* main.m in Sources */ = {isa = PBXBuildFile; fileRef = 8433635B19A1A1C0005FF4C2 /* main.m */; };
		8433636019A1A1C0005FF4C2 /* LDHAppDelegate.m in Sources */ = {isa = PBXBuildFile; fileRef = 8433635F19A1A1C0005FF4C2 /* LDHAppDelegate.m */; };
		8433636219A1A1C0005FF4C2 /* Images.xcassets in Resources */ = {isa = PBXBuildFile; fileRef = 8433636119A1A1C0005FF4C2 /* Images.xcassets */; };
		8433636919A1A1C0005FF4C2 /* XCTest.framework in Frameworks */ = {isa = PBXBuildFile; fileRef = 8433636819A1A1C0005FF4C2 /* XCTest.framework */; };
		8433636A19A1A1C0005FF4C2 /* Foundation.framework in Frameworks */ = {isa = PBXBuildFile; fileRef = 8433634F19A1A1C0005FF4C2 /* Foundation.framework */; };
		8433636B19A1A1C0005FF4C2 /* UIKit.framework in Frameworks */ = {isa = PBXBuildFile; fileRef = 8433635319A1A1C0005FF4C2 /* UIKit.framework */; };
		8433637319A1A1C0005FF4C2 /* InfoPlist.strings in Resources */ = {isa = PBXBuildFile; fileRef = 8433637119A1A1C0005FF4C2 /* InfoPlist.strings */; };
		8433637519A1A1C0005FF4C2 /* BlogReaderTests.m in Sources */ = {isa = PBXBuildFile; fileRef = 8433637419A1A1C0005FF4C2 /* BlogReaderTests.m */; };
		8433637F19A1A1F9005FF4C2 /* Storyboard.storyboard in Resources */ = {isa = PBXBuildFile; fileRef = 8433637E19A1A1F9005FF4C2 /* Storyboard.storyboard */; };
		8433638219A1A50E005FF4C2 /* TableViewController.m in Sources */ = {isa = PBXBuildFile; fileRef = 8433638119A1A50E005FF4C2 /* TableViewController.m */; };
		848B793A19A1EA1F00349B99 /* AppIcon50x50.png in Resources */ = {isa = PBXBuildFile; fileRef = 848B793919A1EA1F00349B99 /* AppIcon50x50.png */; };
		84951BC419A1C38000CA27AD /* BlogPost.m in Sources */ = {isa = PBXBuildFile; fileRef = 84951BC319A1C38000CA27AD /* BlogPost.m */; };
/* End PBXBuildFile section */

/* Begin PBXContainerItemProxy section */
		8433636C19A1A1C0005FF4C2 /* PBXContainerItemProxy */ = {
			isa = PBXContainerItemProxy;
			containerPortal = 8433634419A1A1C0005FF4C2 /* Project object */;
			proxyType = 1;
			remoteGlobalIDString = 8433634B19A1A1C0005FF4C2;
			remoteInfo = BlogReader;
		};
/* End PBXContainerItemProxy section */

/* Begin PBXFileReference section */
		84049D8419A1F6980024DD78 /* webViewController.h */ = {isa = PBXFileReference; fileEncoding = 4; lastKnownFileType = sourcecode.c.h; path = webViewController.h; sourceTree = "<group>"; };
		84049D8519A1F6980024DD78 /* webViewController.m */ = {isa = PBXFileReference; fileEncoding = 4; lastKnownFileType = sourcecode.c.objc; path = webViewController.m; sourceTree = "<group>"; };
		8433634C19A1A1C0005FF4C2 /* BlogReader.app */ = {isa = PBXFileReference; explicitFileType = wrapper.application; includeInIndex = 0; path = BlogReader.app; sourceTree = BUILT_PRODUCTS_DIR; };
		8433634F19A1A1C0005FF4C2 /* Foundation.framework */ = {isa = PBXFileReference; lastKnownFileType = wrapper.framework; name = Foundation.framework; path = System/Library/Frameworks/Foundation.framework; sourceTree = SDKROOT; };
		8433635119A1A1C0005FF4C2 /* CoreGraphics.framework */ = {isa = PBXFileReference; lastKnownFileType = wrapper.framework; name = CoreGraphics.framework; path = System/Library/Frameworks/CoreGraphics.framework; sourceTree = SDKROOT; };
		8433635319A1A1C0005FF4C2 /* UIKit.framework */ = {isa = PBXFileReference; lastKnownFileType = wrapper.framework; name = UIKit.framework; path = System/Library/Frameworks/UIKit.framework; sourceTree = SDKROOT; };
		8433635719A1A1C0005FF4C2 /* BlogReader-Info.plist */ = {isa = PBXFileReference; lastKnownFileType = text.plist.xml; path = "BlogReader-Info.plist"; sourceTree = "<group>"; };
		8433635919A1A1C0005FF4C2 /* en */ = {isa = PBXFileReference; lastKnownFileType = text.plist.strings; name = en; path = en.lproj/InfoPlist.strings; sourceTree = "<group>"; };
		8433635B19A1A1C0005FF4C2 /* main.m */ = {isa = PBXFileReference; lastKnownFileType = sourcecode.c.objc; path = main.m; sourceTree = "<group>"; };
		8433635D19A1A1C0005FF4C2 /* BlogReader-Prefix.pch */ = {isa = PBXFileReference; lastKnownFileType = sourcecode.c.h; path = "BlogReader-Prefix.pch"; sourceTree = "<group>"; };
		8433635E19A1A1C0005FF4C2 /* LDHAppDelegate.h */ = {isa = PBXFileReference; lastKnownFileType = sourcecode.c.h; path = LDHAppDelegate.h; sourceTree = "<group>"; };
		8433635F19A1A1C0005FF4C2 /* LDHAppDelegate.m */ = {isa = PBXFileReference; lastKnownFileType = sourcecode.c.objc; path = LDHAppDelegate.m; sourceTree = "<group>"; };
		8433636119A1A1C0005FF4C2 /* Images.xcassets */ = {isa = PBXFileReference; lastKnownFileType = folder.assetcatalog; path = Images.xcassets; sourceTree = "<group>"; };
		8433636719A1A1C0005FF4C2 /* BlogReaderTests.xctest */ = {isa = PBXFileReference; explicitFileType = wrapper.cfbundle; includeInIndex = 0; path = BlogReaderTests.xctest; sourceTree = BUILT_PRODUCTS_DIR; };
		8433636819A1A1C0005FF4C2 /* XCTest.framework */ = {isa = PBXFileReference; lastKnownFileType = wrapper.framework; name = XCTest.framework; path = Library/Frameworks/XCTest.framework; sourceTree = DEVELOPER_DIR; };
		8433637019A1A1C0005FF4C2 /* BlogReaderTests-Info.plist */ = {isa = PBXFileReference; lastKnownFileType = text.plist.xml; path = "BlogReaderTests-Info.plist"; sourceTree = "<group>"; };
		8433637219A1A1C0005FF4C2 /* en */ = {isa = PBXFileReference; lastKnownFileType = text.plist.strings; name = en; path = en.lproj/InfoPlist.strings; sourceTree = "<group>"; };
		8433637419A1A1C0005FF4C2 /* BlogReaderTests.m */ = {isa = PBXFileReference; lastKnownFileType = sourcecode.c.objc; path = BlogReaderTests.m; sourceTree = "<group>"; };
		8433637E19A1A1F9005FF4C2 /* Storyboard.storyboard */ = {isa = PBXFileReference; fileEncoding = 4; lastKnownFileType = file.storyboard; name = Storyboard.storyboard; path = ../Storyboard.storyboard; sourceTree = "<group>"; };
		8433638019A1A50E005FF4C2 /* TableViewController.h */ = {isa = PBXFileReference; fileEncoding = 4; lastKnownFileType = sourcecode.c.h; name = TableViewController.h; path = ../TableViewController.h; sourceTree = "<group>"; };
		8433638119A1A50E005FF4C2 /* TableViewController.m */ = {isa = PBXFileReference; fileEncoding = 4; lastKnownFileType = sourcecode.c.objc; name = TableViewController.m; path = ../TableViewController.m; sourceTree = "<group>"; };
		848B793919A1EA1F00349B99 /* AppIcon50x50.png */ = {isa = PBXFileReference; lastKnownFileType = image.png; path = AppIcon50x50.png; sourceTree = "<group>"; };
		84951BC219A1C38000CA27AD /* BlogPost.h */ = {isa = PBXFileReference; fileEncoding = 4; lastKnownFileType = sourcecode.c.h; name = BlogPost.h; path = ../BlogPost.h; sourceTree = "<group>"; };
		84951BC319A1C38000CA27AD /* BlogPost.m */ = {isa = PBXFileReference; fileEncoding = 4; lastKnownFileType = sourcecode.c.objc; name = BlogPost.m; path = ../BlogPost.m; sourceTree = "<group>"; };
/* End PBXFileReference section */

/* Begin PBXFrameworksBuildPhase section */
		8433634919A1A1C0005FF4C2 /* Frameworks */ = {
			isa = PBXFrameworksBuildPhase;
			buildActionMask = 2147483647;
			files = (
				8433635219A1A1C0005FF4C2 /* CoreGraphics.framework in Frameworks */,
				8433635419A1A1C0005FF4C2 /* UIKit.framework in Frameworks */,
				8433635019A1A1C0005FF4C2 /* Foundation.framework in Frameworks */,
			);
			runOnlyForDeploymentPostprocessing = 0;
		};
		8433636419A1A1C0005FF4C2 /* Frameworks */ = {
			isa = PBXFrameworksBuildPhase;
			buildActionMask = 2147483647;
			files = (
				8433636919A1A1C0005FF4C2 /* XCTest.framework in Frameworks */,
				8433636B19A1A1C0005FF4C2 /* UIKit.framework in Frameworks */,
				8433636A19A1A1C0005FF4C2 /* Foundation.framework in Frameworks */,
			);
			runOnlyForDeploymentPostprocessing = 0;
		};
/* End PBXFrameworksBuildPhase section */

/* Begin PBXGroup section */
		8433634319A1A1C0005FF4C2 = {
			isa = PBXGroup;
			children = (
				8433635519A1A1C0005FF4C2 /* BlogReader */,
				8433636E19A1A1C0005FF4C2 /* BlogReaderTests */,
				8433634E19A1A1C0005FF4C2 /* Frameworks */,
				8433634D19A1A1C0005FF4C2 /* Products */,
			);
			sourceTree = "<group>";
		};
		8433634D19A1A1C0005FF4C2 /* Products */ = {
			isa = PBXGroup;
			children = (
				8433634C19A1A1C0005FF4C2 /* BlogReader.app */,
				8433636719A1A1C0005FF4C2 /* BlogReaderTests.xctest */,
			);
			name = Products;
			sourceTree = "<group>";
		};
		8433634E19A1A1C0005FF4C2 /* Frameworks */ = {
			isa = PBXGroup;
			children = (
				8433634F19A1A1C0005FF4C2 /* Foundation.framework */,
				8433635119A1A1C0005FF4C2 /* CoreGraphics.framework */,
				8433635319A1A1C0005FF4C2 /* UIKit.framework */,
				8433636819A1A1C0005FF4C2 /* XCTest.framework */,
			);
			name = Frameworks;
			sourceTree = "<group>";
		};
		8433635519A1A1C0005FF4C2 /* BlogReader */ = {
			isa = PBXGroup;
			children = (
				8433637E19A1A1F9005FF4C2 /* Storyboard.storyboard */,
				84049D8419A1F6980024DD78 /* webViewController.h */,
				84049D8519A1F6980024DD78 /* webViewController.m */,
				8433638019A1A50E005FF4C2 /* TableViewController.h */,
				8433638119A1A50E005FF4C2 /* TableViewController.m */,
				8433635E19A1A1C0005FF4C2 /* LDHAppDelegate.h */,
				8433635F19A1A1C0005FF4C2 /* LDHAppDelegate.m */,
				84951BC219A1C38000CA27AD /* BlogPost.h */,
				84951BC319A1C38000CA27AD /* BlogPost.m */,
				8433636119A1A1C0005FF4C2 /* Images.xcassets */,
				848B793919A1EA1F00349B99 /* AppIcon50x50.png */,
				8433635619A1A1C0005FF4C2 /* Supporting Files */,
			);
			path = BlogReader;
			sourceTree = "<group>";
		};
		8433635619A1A1C0005FF4C2 /* Supporting Files */ = {
			isa = PBXGroup;
			children = (
				8433635719A1A1C0005FF4C2 /* BlogReader-Info.plist */,
				8433635819A1A1C0005FF4C2 /* InfoPlist.strings */,
				8433635B19A1A1C0005FF4C2 /* main.m */,
				8433635D19A1A1C0005FF4C2 /* BlogReader-Prefix.pch */,
			);
			name = "Supporting Files";
			sourceTree = "<group>";
		};
		8433636E19A1A1C0005FF4C2 /* BlogReaderTests */ = {
			isa = PBXGroup;
			children = (
				8433637419A1A1C0005FF4C2 /* BlogReaderTests.m */,
				8433636F19A1A1C0005FF4C2 /* Supporting Files */,
			);
			path = BlogReaderTests;
			sourceTree = "<group>";
		};
		8433636F19A1A1C0005FF4C2 /* Supporting Files */ = {
			isa = PBXGroup;
			children = (
				8433637019A1A1C0005FF4C2 /* BlogReaderTests-Info.plist */,
				8433637119A1A1C0005FF4C2 /* InfoPlist.strings */,
			);
			name = "Supporting Files";
			sourceTree = "<group>";
		};
/* End PBXGroup section */

/* Begin PBXNativeTarget section */
		8433634B19A1A1C0005FF4C2 /* BlogReader */ = {
			isa = PBXNativeTarget;
			buildConfigurationList = 8433637819A1A1C0005FF4C2 /* Build configuration list for PBXNativeTarget "BlogReader" */;
			buildPhases = (
				8433634819A1A1C0005FF4C2 /* Sources */,
				8433634919A1A1C0005FF4C2 /* Frameworks */,
				8433634A19A1A1C0005FF4C2 /* Resources */,
			);
			buildRules = (
			);
			dependencies = (
			);
			name = BlogReader;
			productName = BlogReader;
			productReference = 8433634C19A1A1C0005FF4C2 /* BlogReader.app */;
			productType = "com.apple.product-type.application";
		};
		8433636619A1A1C0005FF4C2 /* BlogReaderTests */ = {
			isa = PBXNativeTarget;
			buildConfigurationList = 8433637B19A1A1C0005FF4C2 /* Build configuration list for PBXNativeTarget "BlogReaderTests" */;
			buildPhases = (
				8433636319A1A1C0005FF4C2 /* Sources */,
				8433636419A1A1C0005FF4C2 /* Frameworks */,
				8433636519A1A1C0005FF4C2 /* Resources */,
			);
			buildRules = (
			);
			dependencies = (
				8433636D19A1A1C0005FF4C2 /* PBXTargetDependency */,
			);
			name = BlogReaderTests;
			productName = BlogReaderTests;
			productReference = 8433636719A1A1C0005FF4C2 /* BlogReaderTests.xctest */;
			productType = "com.apple.product-type.bundle.unit-test";
		};
/* End PBXNativeTarget section */

/* Begin PBXProject section */
		8433634419A1A1C0005FF4C2 /* Project object */ = {
			isa = PBXProject;
			attributes = {
				CLASSPREFIX = LDH;
				LastUpgradeCheck = 0510;
				ORGANIZATIONNAME = YEHKUO;
				TargetAttributes = {
					8433636619A1A1C0005FF4C2 = {
						TestTargetID = 8433634B19A1A1C0005FF4C2;
					};
				};
			};
			buildConfigurationList = 8433634719A1A1C0005FF4C2 /* Build configuration list for PBXProject "BlogReader" */;
			compatibilityVersion = "Xcode 3.2";
			developmentRegion = English;
			hasScannedForEncodings = 0;
			knownRegions = (
				en,
			);
			mainGroup = 8433634319A1A1C0005FF4C2;
			productRefGroup = 8433634D19A1A1C0005FF4C2 /* Products */;
			projectDirPath = "";
			projectRoot = "";
			targets = (
				8433634B19A1A1C0005FF4C2 /* BlogReader */,
				8433636619A1A1C0005FF4C2 /* BlogReaderTests */,
			);
		};
/* End PBXProject section */

/* Begin PBXResourcesBuildPhase section */
		8433634A19A1A1C0005FF4C2 /* Resources */ = {
			isa = PBXResourcesBuildPhase;
			buildActionMask = 2147483647;
			files = (
				8433635A19A1A1C0005FF4C2 /* InfoPlist.strings in Resources */,
				8433636219A1A1C0005FF4C2 /* Images.xcassets in Resources */,
				8433637F19A1A1F9005FF4C2 /* Storyboard.storyboard in Resources */,
				848B793A19A1EA1F00349B99 /* AppIcon50x50.png in Resources */,
			);
			runOnlyForDeploymentPostprocessing = 0;
		};
		8433636519A1A1C0005FF4C2 /* Resources */ = {
			isa = PBXResourcesBuildPhase;
			buildActionMask = 2147483647;
			files = (
				8433637319A1A1C0005FF4C2 /* InfoPlist.strings in Resources */,
			);
			runOnlyForDeploymentPostprocessing = 0;
		};
/* End PBXResourcesBuildPhase section */

/* Begin PBXSourcesBuildPhase section */
		8433634819A1A1C0005FF4C2 /* Sources */ = {
			isa = PBXSourcesBuildPhase;
			buildActionMask = 2147483647;
			files = (
				8433635C19A1A1C0005FF4C2 /* main.m in Sources */,
				8433638219A1A50E005FF4C2 /* TableViewController.m in Sources */,
				84049D8619A1F6980024DD78 /* webViewController.m in Sources */,
				8433636019A1A1C0005FF4C2 /* LDHAppDelegate.m in Sources */,
				84951BC419A1C38000CA27AD /* BlogPost.m in Sources */,
			);
			runOnlyForDeploymentPostprocessing = 0;
		};
		8433636319A1A1C0005FF4C2 /* Sources */ = {
			isa = PBXSourcesBuildPhase;
			buildActionMask = 2147483647;
			files = (
				8433637519A1A1C0005FF4C2 /* BlogReaderTests.m in Sources */,
			);
			runOnlyForDeploymentPostprocessing = 0;
		};
/* End PBXSourcesBuildPhase section */

/* Begin PBXTargetDependency section */
		8433636D19A1A1C0005FF4C2 /* PBXTargetDependency */ = {
			isa = PBXTargetDependency;
			target = 8433634B19A1A1C0005FF4C2 /* BlogReader */;
			targetProxy = 8433636C19A1A1C0005FF4C2 /* PBXContainerItemProxy */;
		};
/* End PBXTargetDependency section */

/* Begin PBXVariantGroup section */
		8433635819A1A1C0005FF4C2 /* InfoPlist.strings */ = {
			isa = PBXVariantGroup;
			children = (
				8433635919A1A1C0005FF4C2 /* en */,
			);
			name = InfoPlist.strings;
			sourceTree = "<group>";
		};
		8433637119A1A1C0005FF4C2 /* InfoPlist.strings */ = {
			isa = PBXVariantGroup;
			children = (
				8433637219A1A1C0005FF4C2 /* en */,
			);
			name = InfoPlist.strings;
			sourceTree = "<group>";
		};
/* End PBXVariantGroup section */

/* Begin XCBuildConfiguration section */
		8433637619A1A1C0005FF4C2 /* Debug */ = {
			isa = XCBuildConfiguration;
			buildSettings = {
				ALWAYS_SEARCH_USER_PATHS = NO;
				CLANG_CXX_LANGUAGE_STANDARD = "gnu++0x";
				CLANG_CXX_LIBRARY = "libc++";
				CLANG_ENABLE_MODULES = YES;
				CLANG_ENABLE_OBJC_ARC = YES;
				CLANG_WARN_BOOL_CONVERSION = YES;
				CLANG_WARN_CONSTANT_CONVERSION = YES;
				CLANG_WARN_DIRECT_OBJC_ISA_USAGE = YES_ERROR;
				CLANG_WARN_EMPTY_BODY = YES;
				CLANG_WARN_ENUM_CONVERSION = YES;
				CLANG_WARN_INT_CONVERSION = YES;
				CLANG_WARN_OBJC_ROOT_CLASS = YES_ERROR;
				CLANG_WARN__DUPLICATE_METHOD_MATCH = YES;
				"CODE_SIGN_IDENTITY[sdk=iphoneos*]" = "iPhone Developer";
				COPY_PHASE_STRIP = NO;
				GCC_C_LANGUAGE_STANDARD = gnu99;
				GCC_DYNAMIC_NO_PIC = NO;
				GCC_OPTIMIZATION_LEVEL = 0;
				GCC_PREPROCESSOR_DEFINITIONS = (
					"DEBUG=1",
					"$(inherited)",
				);
				GCC_SYMBOLS_PRIVATE_EXTERN = NO;
				GCC_WARN_64_TO_32_BIT_CONVERSION = YES;
				GCC_WARN_ABOUT_RETURN_TYPE = YES_ERROR;
				GCC_WARN_UNDECLARED_SELECTOR = YES;
				GCC_WARN_UNINITIALIZED_AUTOS = YES_AGGRESSIVE;
				GCC_WARN_UNUSED_FUNCTION = YES;
				GCC_WARN_UNUSED_VARIABLE = YES;
				IPHONEOS_DEPLOYMENT_TARGET = 7.1;
				ONLY_ACTIVE_ARCH = YES;
				SDKROOT = iphoneos;
			};
			name = Debug;
		};
		8433637719A1A1C0005FF4C2 /* Release */ = {
			isa = XCBuildConfiguration;
			buildSettings = {
				ALWAYS_SEARCH_USER_PATHS = NO;
				CLANG_CXX_LANGUAGE_STANDARD = "gnu++0x";
				CLANG_CXX_LIBRARY = "libc++";
				CLANG_ENABLE_MODULES = YES;
				CLANG_ENABLE_OBJC_ARC = YES;
				CLANG_WARN_BOOL_CONVERSION = YES;
				CLANG_WARN_CONSTANT_CONVERSION = YES;
				CLANG_WARN_DIRECT_OBJC_ISA_USAGE = YES_ERROR;
				CLANG_WARN_EMPTY_BODY = YES;
				CLANG_WARN_ENUM_CONVERSION = YES;
				CLANG_WARN_INT_CONVERSION = YES;
				CLANG_WARN_OBJC_ROOT_CLASS = YES_ERROR;
				CLANG_WARN__DUPLICATE_METHOD_MATCH = YES;
				"CODE_SIGN_IDENTITY[sdk=iphoneos*]" = "iPhone Developer";
				COPY_PHASE_STRIP = YES;
				ENABLE_NS_ASSERTIONS = NO;
				GCC_C_LANGUAGE_STANDARD = gnu99;
				GCC_WARN_64_TO_32_BIT_CONVERSION = YES;
				GCC_WARN_ABOUT_RETURN_TYPE = YES_ERROR;
				GCC_WARN_UNDECLARED_SELECTOR = YES;
				GCC_WARN_UNINITIALIZED_AUTOS = YES_AGGRESSIVE;
				GCC_WARN_UNUSED_FUNCTION = YES;
				GCC_WARN_UNUSED_VARIABLE = YES;
				IPHONEOS_DEPLOYMENT_TARGET = 7.1;
				SDKROOT = iphoneos;
				VALIDATE_PRODUCT = YES;
			};
			name = Release;
		};
		8433637919A1A1C0005FF4C2 /* Debug */ = {
			isa = XCBuildConfiguration;
			buildSettings = {
				ASSETCATALOG_COMPILER_APPICON_NAME = AppIcon;
				ASSETCATALOG_COMPILER_LAUNCHIMAGE_NAME = LaunchImage;
				GCC_PRECOMPILE_PREFIX_HEADER = YES;
				GCC_PREFIX_HEADER = "BlogReader/BlogReader-Prefix.pch";
				INFOPLIST_FILE = "BlogReader/BlogReader-Info.plist";
				PRODUCT_NAME = "$(TARGET_NAME)";
				WRAPPER_EXTENSION = app;
			};
			name = Debug;
		};
		8433637A19A1A1C0005FF4C2 /* Release */ = {
			isa = XCBuildConfiguration;
			buildSettings = {
				ASSETCATALOG_COMPILER_APPICON_NAME = AppIcon;
				ASSETCATALOG_COMPILER_LAUNCHIMAGE_NAME = LaunchImage;
				GCC_PRECOMPILE_PREFIX_HEADER = YES;
				GCC_PREFIX_HEADER = "BlogReader/BlogReader-Prefix.pch";
				INFOPLIST_FILE = "BlogReader/BlogReader-Info.plist";
				PRODUCT_NAME = "$(TARGET_NAME)";
				WRAPPER_EXTENSION = app;
			};
			name = Release;
		};
		8433637C19A1A1C0005FF4C2 /* Debug */ = {
			isa = XCBuildConfiguration;
			buildSettings = {
				BUNDLE_LOADER = "$(BUILT_PRODUCTS_DIR)/BlogReader.app/BlogReader";
				FRAMEWORK_SEARCH_PATHS = (
					"$(SDKROOT)/Developer/Library/Frameworks",
					"$(inherited)",
					"$(DEVELOPER_FRAMEWORKS_DIR)",
				);
				GCC_PRECOMPILE_PREFIX_HEADER = YES;
				GCC_PREFIX_HEADER = "BlogReader/BlogReader-Prefix.pch";
				GCC_PREPROCESSOR_DEFINITIONS = (
					"DEBUG=1",
					"$(inherited)",
				);
				INFOPLIST_FILE = "BlogReaderTests/BlogReaderTests-Info.plist";
				PRODUCT_NAME = "$(TARGET_NAME)";
				TEST_HOST = "$(BUNDLE_LOADER)";
				WRAPPER_EXTENSION = xctest;
			};
			name = Debug;
		};
		8433637D19A1A1C0005FF4C2 /* Release */ = {
			isa = XCBuildConfiguration;
			buildSettings = {
				BUNDLE_LOADER = "$(BUILT_PRODUCTS_DIR)/BlogReader.app/BlogReader";
				FRAMEWORK_SEARCH_PATHS = (
					"$(SDKROOT)/Developer/Library/Frameworks",
					"$(inherited)",
					"$(DEVELOPER_FRAMEWORKS_DIR)",
				);
				GCC_PRECOMPILE_PREFIX_HEADER = YES;
				GCC_PREFIX_HEADER = "BlogReader/BlogReader-Prefix.pch";
				INFOPLIST_FILE = "BlogReaderTests/BlogReaderTests-Info.plist";
				PRODUCT_NAME = "$(TARGET_NAME)";
				TEST_HOST = "$(BUNDLE_LOADER)";
				WRAPPER_EXTENSION = xctest;
			};
			name = Release;
		};
/* End XCBuildConfiguration section */

/* Begin XCConfigurationList section */
		8433634719A1A1C0005FF4C2 /* Build configuration list for PBXProject "BlogReader" */ = {
			isa = XCConfigurationList;
			buildConfigurations = (
				8433637619A1A1C0005FF4C2 /* Debug */,
				8433637719A1A1C0005FF4C2 /* Release */,
			);
			defaultConfigurationIsVisible = 0;
			defaultConfigurationName = Release;
		};
		8433637819A1A1C0005FF4C2 /* Build configuration list for PBXNativeTarget "BlogReader" */ = {
			isa = XCConfigurationList;
			buildConfigurations = (
				8433637919A1A1C0005FF4C2 /* Debug */,
				8433637A19A1A1C0005FF4C2 /* Release */,
			);
			defaultConfigurationIsVisible = 0;
			defaultConfigurationName = Release;
		};
		8433637B19A1A1C0005FF4C2 /* Build configuration list for PBXNativeTarget "BlogReaderTests" */ = {
			isa = XCConfigurationList;
			buildConfigurations = (
				8433637C19A1A1C0005FF4C2 /* Debug */,
				8433637D19A1A1C0005FF4C2 /* Release */,
			);
			defaultConfigurationIsVisible = 0;
			defaultConfigurationName = Release;
		};
/* End XCConfigurationList section */
	};
	rootObject = 8433634419A1A1C0005FF4C2 /* Project object */;
}
